
Microsoft Visual Studio Solution File, Format Version 12.00
# Visual Studio Version 16
VisualStudioVersion = 16.0.30523.141
MinimumVisualStudioVersion = 10.0.40219.1
Project("{FAE04EC0-301F-11D3-BF4B-00C04F79EFBC}") = "GenericsDemo", "GenericsDemo\GenericsDemo.csproj", "{3EAB9FC8-5719-443A-A796-20723233457D}"
EndProject
Global
	GlobalSection(SolutionConfigurationPlatforms) = preSolution
		Debug|Any CPU = Debug|Any CPU
		Release|Any CPU = Release|Any CPU
	EndGlobalSection
	GlobalSection(ProjectConfigurationPlatforms) = postSolution
		{3EAB9FC8-5719-443A-A796-20723233457D}.Debug|Any CPU.ActiveCfg = Debug|Any CPU
		{3EAB9FC8-5719-443A-A796-20723233457D}.Debug|Any CPU.Build.0 = Debug|Any CPU
		{3EAB9FC8-5719-443A-A796-20723233457D}.Release|Any CPU.ActiveCfg = Release|Any CPU
		{3EAB9FC8-5719-443A-A796-20723233457D}.Release|Any CPU.Build.0 = Release|Any CPU
	EndGlobalSection
	GlobalSection(SolutionProperties) = preSolution
		HideSolutionNode = FALSE
	EndGlobalSection
	GlobalSection(ExtensibilityGlobals) = postSolution
		SolutionGuid = {7E46C89C-A759-4FEC-82FF-6FBBD494EE28}
	EndGlobalSection
EndGlobal
